
Microsoft Visual Studio Solution File, Format Version 12.00
# Visual Studio Version 17
VisualStudioVersion = 17.2.32630.192
MinimumVisualStudioVersion = 10.0.40219.1
Project("{FAE04EC0-301F-11D3-BF4B-00C04F79EFBC}") = "HW_1807", "HW_1807.csproj", "{CFC4AF6A-7994-408C-B907-13147BB50B74}"
EndProject
Global
	GlobalSection(SolutionConfigurationPlatforms) = preSolution
		Debug|Any CPU = Debug|Any CPU
		Release|Any CPU = Release|Any CPU
	EndGlobalSection
	GlobalSection(ProjectConfigurationPlatforms) = postSolution
		{CFC4AF6A-7994-408C-B907-13147BB50B74}.Debug|Any CPU.ActiveCfg = Debug|Any CPU
		{CFC4AF6A-7994-408C-B907-13147BB50B74}.Debug|Any CPU.Build.0 = Debug|Any CPU
		{CFC4AF6A-7994-408C-B907-13147BB50B74}.Release|Any CPU.ActiveCfg = Release|Any CPU
		{CFC4AF6A-7994-408C-B907-13147BB50B74}.Release|Any CPU.Build.0 = Release|Any CPU
	EndGlobalSection
	GlobalSection(SolutionProperties) = preSolution
		HideSolutionNode = FALSE
	EndGlobalSection
	GlobalSection(ExtensibilityGlobals) = postSolution
		SolutionGuid = {8FF496F0-CD4A-4545-8FBA-2FD2C8A4FB0C}
	EndGlobalSection
EndGlobal
