
Microsoft Visual Studio Solution File, Format Version 12.00
# Visual Studio Version 17
VisualStudioVersion = 17.0.32112.339
MinimumVisualStudioVersion = 10.0.40219.1
Project("{FAE04EC0-301F-11D3-BF4B-00C04F79EFBC}") = "SP_LAB4", "SP_LAB4.csproj", "{12CB1D8A-D9BC-4F44-8D66-06CBF1A38B99}"
EndProject
Global
	GlobalSection(SolutionConfigurationPlatforms) = preSolution
		Debug|Any CPU = Debug|Any CPU
		Release|Any CPU = Release|Any CPU
	EndGlobalSection
	GlobalSection(ProjectConfigurationPlatforms) = postSolution
		{12CB1D8A-D9BC-4F44-8D66-06CBF1A38B99}.Debug|Any CPU.ActiveCfg = Debug|Any CPU
		{12CB1D8A-D9BC-4F44-8D66-06CBF1A38B99}.Debug|Any CPU.Build.0 = Debug|Any CPU
		{12CB1D8A-D9BC-4F44-8D66-06CBF1A38B99}.Release|Any CPU.ActiveCfg = Release|Any CPU
		{12CB1D8A-D9BC-4F44-8D66-06CBF1A38B99}.Release|Any CPU.Build.0 = Release|Any CPU
	EndGlobalSection
	GlobalSection(SolutionProperties) = preSolution
		HideSolutionNode = FALSE
	EndGlobalSection
	GlobalSection(ExtensibilityGlobals) = postSolution
		SolutionGuid = {7CEF54A9-3BF7-45B1-9CCA-C8E2F1CE9593}
	EndGlobalSection
EndGlobal
