
Microsoft Visual Studio Solution File, Format Version 12.00
# Visual Studio Version 17
VisualStudioVersion = 17.3.32811.315
MinimumVisualStudioVersion = 10.0.40219.1
Project("{FAE04EC0-301F-11D3-BF4B-00C04F79EFBC}") = "CW_2508", "CW_2508.csproj", "{490BB4ED-C1A7-4C62-AB91-92407D7454CB}"
EndProject
Global
	GlobalSection(SolutionConfigurationPlatforms) = preSolution
		Debug|Any CPU = Debug|Any CPU
		Release|Any CPU = Release|Any CPU
	EndGlobalSection
	GlobalSection(ProjectConfigurationPlatforms) = postSolution
		{490BB4ED-C1A7-4C62-AB91-92407D7454CB}.Debug|Any CPU.ActiveCfg = Debug|Any CPU
		{490BB4ED-C1A7-4C62-AB91-92407D7454CB}.Debug|Any CPU.Build.0 = Debug|Any CPU
		{490BB4ED-C1A7-4C62-AB91-92407D7454CB}.Release|Any CPU.ActiveCfg = Release|Any CPU
		{490BB4ED-C1A7-4C62-AB91-92407D7454CB}.Release|Any CPU.Build.0 = Release|Any CPU
	EndGlobalSection
	GlobalSection(SolutionProperties) = preSolution
		HideSolutionNode = FALSE
	EndGlobalSection
	GlobalSection(ExtensibilityGlobals) = postSolution
		SolutionGuid = {A62CB161-DE52-40C4-AB88-40673633C64B}
	EndGlobalSection
EndGlobal
