
Microsoft Visual Studio Solution File, Format Version 12.00
# Visual Studio Version 17
VisualStudioVersion = 17.2.32630.192
MinimumVisualStudioVersion = 10.0.40219.1
Project("{FAE04EC0-301F-11D3-BF4B-00C04F79EFBC}") = "CW_1608", "CW_1608.csproj", "{C19B3357-2E06-4095-92AE-7DDF37869AEA}"
EndProject
Project("{FAE04EC0-301F-11D3-BF4B-00C04F79EFBC}") = "CW_1608_Client", "..\CW_1608_Client\CW_1608_Client.csproj", "{C774F53E-716F-42BA-943C-7BD38AED1327}"
EndProject
Global
	GlobalSection(SolutionConfigurationPlatforms) = preSolution
		Debug|Any CPU = Debug|Any CPU
		Release|Any CPU = Release|Any CPU
	EndGlobalSection
	GlobalSection(ProjectConfigurationPlatforms) = postSolution
		{C19B3357-2E06-4095-92AE-7DDF37869AEA}.Debug|Any CPU.ActiveCfg = Debug|Any CPU
		{C19B3357-2E06-4095-92AE-7DDF37869AEA}.Debug|Any CPU.Build.0 = Debug|Any CPU
		{C19B3357-2E06-4095-92AE-7DDF37869AEA}.Release|Any CPU.ActiveCfg = Release|Any CPU
		{C19B3357-2E06-4095-92AE-7DDF37869AEA}.Release|Any CPU.Build.0 = Release|Any CPU
		{C774F53E-716F-42BA-943C-7BD38AED1327}.Debug|Any CPU.ActiveCfg = Debug|Any CPU
		{C774F53E-716F-42BA-943C-7BD38AED1327}.Debug|Any CPU.Build.0 = Debug|Any CPU
		{C774F53E-716F-42BA-943C-7BD38AED1327}.Release|Any CPU.ActiveCfg = Release|Any CPU
		{C774F53E-716F-42BA-943C-7BD38AED1327}.Release|Any CPU.Build.0 = Release|Any CPU
	EndGlobalSection
	GlobalSection(SolutionProperties) = preSolution
		HideSolutionNode = FALSE
	EndGlobalSection
	GlobalSection(ExtensibilityGlobals) = postSolution
		SolutionGuid = {98AC354F-5236-487C-BBBF-6AB262579492}
	EndGlobalSection
EndGlobal
