
Microsoft Visual Studio Solution File, Format Version 12.00
# Visual Studio Version 17
VisualStudioVersion = 17.0.32112.339
MinimumVisualStudioVersion = 10.0.40219.1
Project("{FAE04EC0-301F-11D3-BF4B-00C04F79EFBC}") = "SP_LAB3", "SP_LAB3.csproj", "{4E3013FF-2566-4984-A1D3-EE84E58FED9C}"
EndProject
Global
	GlobalSection(SolutionConfigurationPlatforms) = preSolution
		Debug|Any CPU = Debug|Any CPU
		Release|Any CPU = Release|Any CPU
	EndGlobalSection
	GlobalSection(ProjectConfigurationPlatforms) = postSolution
		{4E3013FF-2566-4984-A1D3-EE84E58FED9C}.Debug|Any CPU.ActiveCfg = Debug|Any CPU
		{4E3013FF-2566-4984-A1D3-EE84E58FED9C}.Debug|Any CPU.Build.0 = Debug|Any CPU
		{4E3013FF-2566-4984-A1D3-EE84E58FED9C}.Release|Any CPU.ActiveCfg = Release|Any CPU
		{4E3013FF-2566-4984-A1D3-EE84E58FED9C}.Release|Any CPU.Build.0 = Release|Any CPU
	EndGlobalSection
	GlobalSection(SolutionProperties) = preSolution
		HideSolutionNode = FALSE
	EndGlobalSection
	GlobalSection(ExtensibilityGlobals) = postSolution
		SolutionGuid = {499B43E0-A8EC-4792-9580-29D144370C03}
	EndGlobalSection
EndGlobal
