
Microsoft Visual Studio Solution File, Format Version 12.00
# Visual Studio Version 17
VisualStudioVersion = 17.3.32819.101
MinimumVisualStudioVersion = 10.0.40219.1
Project("{FAE04EC0-301F-11D3-BF4B-00C04F79EFBC}") = "T_T_T_Client", "T_T_T_Client\T_T_T_Client.csproj", "{4DB92974-BA69-43E0-9F2E-A5B68F1C5CF8}"
EndProject
Project("{FAE04EC0-301F-11D3-BF4B-00C04F79EFBC}") = "T_T_T_Server", "T_T_T_Server\T_T_T_Server.csproj", "{B8FFA5ED-DA94-4078-9B3D-C7F41D7F780F}"
EndProject
Project("{FAE04EC0-301F-11D3-BF4B-00C04F79EFBC}") = "Class_User", "Class_User\Class_User.csproj", "{93AFF324-37E0-46DC-9E8F-7B3C2B88680D}"
EndProject
Global
	GlobalSection(SolutionConfigurationPlatforms) = preSolution
		Debug|Any CPU = Debug|Any CPU
		Release|Any CPU = Release|Any CPU
	EndGlobalSection
	GlobalSection(ProjectConfigurationPlatforms) = postSolution
		{4DB92974-BA69-43E0-9F2E-A5B68F1C5CF8}.Debug|Any CPU.ActiveCfg = Debug|Any CPU
		{4DB92974-BA69-43E0-9F2E-A5B68F1C5CF8}.Debug|Any CPU.Build.0 = Debug|Any CPU
		{4DB92974-BA69-43E0-9F2E-A5B68F1C5CF8}.Release|Any CPU.ActiveCfg = Release|Any CPU
		{4DB92974-BA69-43E0-9F2E-A5B68F1C5CF8}.Release|Any CPU.Build.0 = Release|Any CPU
		{B8FFA5ED-DA94-4078-9B3D-C7F41D7F780F}.Debug|Any CPU.ActiveCfg = Debug|Any CPU
		{B8FFA5ED-DA94-4078-9B3D-C7F41D7F780F}.Debug|Any CPU.Build.0 = Debug|Any CPU
		{B8FFA5ED-DA94-4078-9B3D-C7F41D7F780F}.Release|Any CPU.ActiveCfg = Release|Any CPU
		{B8FFA5ED-DA94-4078-9B3D-C7F41D7F780F}.Release|Any CPU.Build.0 = Release|Any CPU
		{93AFF324-37E0-46DC-9E8F-7B3C2B88680D}.Debug|Any CPU.ActiveCfg = Debug|Any CPU
		{93AFF324-37E0-46DC-9E8F-7B3C2B88680D}.Debug|Any CPU.Build.0 = Debug|Any CPU
		{93AFF324-37E0-46DC-9E8F-7B3C2B88680D}.Release|Any CPU.ActiveCfg = Release|Any CPU
		{93AFF324-37E0-46DC-9E8F-7B3C2B88680D}.Release|Any CPU.Build.0 = Release|Any CPU
	EndGlobalSection
	GlobalSection(SolutionProperties) = preSolution
		HideSolutionNode = FALSE
	EndGlobalSection
	GlobalSection(ExtensibilityGlobals) = postSolution
		SolutionGuid = {3DEF6EDF-3723-4E59-A7AF-C796FE88FDF1}
	EndGlobalSection
EndGlobal
